version = 1
requires-python = ">=3.12"

[[package]]
name = "pyaes"
version = "1.6.1"
source = { registry = "https://pypi.org/simple" }
sdist = { url = "https://files.pythonhosted.org/packages/44/66/2c17bae31c906613795711fc78045c285048168919ace2220daa372c7d72/pyaes-1.6.1.tar.gz", hash = "sha256:02c1b1405c38d3c370b085fb952dd8bea3fadcee6411ad99f312cc129c536d8f", size = 28536 }

[[package]]
name = "pyasn1"
version = "0.6.1"
source = { registry = "https://pypi.org/simple" }
sdist = { url = "https://files.pythonhosted.org/packages/ba/e9/01f1a64245b89f039897cb0130016d79f77d52669aae6ee7b159a6c4c018/pyasn1-0.6.1.tar.gz", hash = "sha256:6f580d2bdd84365380830acf45550f2511469f673cb4a5ae3857a3170128b034", size = 145322 }
wheels = [
    { url = "https://files.pythonhosted.org/packages/c8/f1/d6a797abb14f6283c0ddff96bbdd46937f64122b8c925cab503dd37f8214/pyasn1-0.6.1-py3-none-any.whl", hash = "sha256:0d632f46f2ba09143da3a8afe9e33fb6f92fa2320ab7e886e2d0f7672af84629", size = 83135 },
]

[[package]]
name = "rsa"
version = "4.9"
source = { registry = "https://pypi.org/simple" }
dependencies = [
    { name = "pyasn1" },
]
sdist = { url = "https://files.pythonhosted.org/packages/aa/65/7d973b89c4d2351d7fb232c2e452547ddfa243e93131e7cfa766da627b52/rsa-4.9.tar.gz", hash = "sha256:e38464a49c6c85d7f1351b0126661487a7e0a14a50f1675ec50eb34d4f20ef21", size = 29711 }
wheels = [
    { url = "https://files.pythonhosted.org/packages/49/97/fa78e3d2f65c02c8e1268b9aba606569fe97f6c8f7c2d74394553347c145/rsa-4.9-py3-none-any.whl", hash = "sha256:90260d9058e514786967344d0ef75fa8727eed8a7d2e43ce9f4bcf1b536174f7", size = 34315 },
]

[[package]]
name = "telethon"
version = "1.37.0"
source = { registry = "https://pypi.org/simple" }
dependencies = [
    { name = "pyaes" },
    { name = "rsa" },
]
sdist = { url = "https://files.pythonhosted.org/packages/4e/3c/a94a30abfa8be573dfff298b94a0402789e902a795a19eadf4294387009d/Telethon-1.37.0.tar.gz", hash = "sha256:e5e43cff1c1b34e2f9c2b395215beb6e9bda706b69def7efff4f55b23c9c4374", size = 620160 }

[[package]]
name = "tg-py-bot"
version = "0.1.0"
source = { virtual = "." }
dependencies = [
    { name = "telethon" },
]

[package.metadata]
requires-dist = [{ name = "telethon", specifier = ">=1.37.0" }]
